// !$*UTF8*$!
{
	archiveVersion = 1;
	classes = {
	};
	objectVersion = 46;
	objects = {

/* Begin PBXBuildFile section */
		E203B677187479210066A5BB /* UIKit.framework in Frameworks */ = {isa = PBXBuildFile; fileRef = E203B676187479210066A5BB /* UIKit.framework */; };
		E203B679187479210066A5BB /* Foundation.framework in Frameworks */ = {isa = PBXBuildFile; fileRef = E203B678187479210066A5BB /* Foundation.framework */; };
		E203B67B187479210066A5BB /* CoreGraphics.framework in Frameworks */ = {isa = PBXBuildFile; fileRef = E203B67A187479210066A5BB /* CoreGraphics.framework */; };
		E203B681187479210066A5BB /* InfoPlist.strings in Resources */ = {isa = PBXBuildFile; fileRef = E203B67F187479210066A5BB /* InfoPlist.strings */; };
		E203B683187479210066A5BB /* main.m in Sources */ = {isa = PBXBuildFile; fileRef = E203B682187479210066A5BB /* main.m */; };
		E203B687187479210066A5BB /* WYAppDelegate.m in Sources */ = {isa = PBXBuildFile; fileRef = E203B686187479210066A5BB /* WYAppDelegate.m */; };
		E203B689187479210066A5BB /* Default.png in Resources */ = {isa = PBXBuildFile; fileRef = E203B688187479210066A5BB /* Default.png */; };
		E203B68B187479210066A5BB /* Default@2x.png in Resources */ = {isa = PBXBuildFile; fileRef = E203B68A187479210066A5BB /* Default@2x.png */; };
		E203B68D187479210066A5BB /* Default-568h@2x.png in Resources */ = {isa = PBXBuildFile; fileRef = E203B68C187479210066A5BB /* Default-568h@2x.png */; };
		E203B690187479210066A5BB /* WYViewController.m in Sources */ = {isa = PBXBuildFile; fileRef = E203B68F187479210066A5BB /* WYViewController.m */; };
		E203B693187479210066A5BB /* WYViewController.xib in Resources */ = {isa = PBXBuildFile; fileRef = E203B691187479210066A5BB /* WYViewController.xib */; };
		E203B69E187488590066A5BB /* WYBaseController.m in Sources */ = {isa = PBXBuildFile; fileRef = E203B69D187488590066A5BB /* WYBaseController.m */; };
		E203B6A1187488720066A5BB /* WYWinmineController.m in Sources */ = {isa = PBXBuildFile; fileRef = E203B6A0187488720066A5BB /* WYWinmineController.m */; };
		E203B6A4187491430066A5BB /* WYWinmineMap.m in Sources */ = {isa = PBXBuildFile; fileRef = E203B6A3187491430066A5BB /* WYWinmineMap.m */; };
		E203B6A7187491570066A5BB /* WYWinmineCell.m in Sources */ = {isa = PBXBuildFile; fileRef = E203B6A6187491570066A5BB /* WYWinmineCell.m */; };
		E203B6AA187493AB0066A5BB /* QuartzCore.framework in Frameworks */ = {isa = PBXBuildFile; fileRef = E203B6A9187493AB0066A5BB /* QuartzCore.framework */; };
		E21D4B601878C710009C902F /* style_0_1.png in Resources */ = {isa = PBXBuildFile; fileRef = E21D4B571878C710009C902F /* style_0_1.png */; };
		E21D4B611878C710009C902F /* style_0_2.png in Resources */ = {isa = PBXBuildFile; fileRef = E21D4B581878C710009C902F /* style_0_2.png */; };
		E21D4B621878C710009C902F /* style_0_3.png in Resources */ = {isa = PBXBuildFile; fileRef = E21D4B591878C710009C902F /* style_0_3.png */; };
		E21D4B631878C710009C902F /* style_0_4.png in Resources */ = {isa = PBXBuildFile; fileRef = E21D4B5A1878C710009C902F /* style_0_4.png */; };
		E21D4B641878C710009C902F /* style_0_5.png in Resources */ = {isa = PBXBuildFile; fileRef = E21D4B5B1878C710009C902F /* style_0_5.png */; };
		E21D4B651878C710009C902F /* style_0_6.png in Resources */ = {isa = PBXBuildFile; fileRef = E21D4B5C1878C710009C902F /* style_0_6.png */; };
		E21D4B661878C710009C902F /* style_0_7.png in Resources */ = {isa = PBXBuildFile; fileRef = E21D4B5D1878C710009C902F /* style_0_7.png */; };
		E21D4B671878C710009C902F /* style_0_8.png in Resources */ = {isa = PBXBuildFile; fileRef = E21D4B5E1878C710009C902F /* style_0_8.png */; };
		E21D4B681878C710009C902F /* style_0_9.png in Resources */ = {isa = PBXBuildFile; fileRef = E21D4B5F1878C710009C902F /* style_0_9.png */; };
		E21D4B6B1878C7FB009C902F /* mine_0_faile.png in Resources */ = {isa = PBXBuildFile; fileRef = E21D4B691878C7FB009C902F /* mine_0_faile.png */; };
		E21D4B6C1878C7FB009C902F /* mine_0_normal.png in Resources */ = {isa = PBXBuildFile; fileRef = E21D4B6A1878C7FB009C902F /* mine_0_normal.png */; };
		E21D4B701878CB16009C902F /* empty_0.png in Resources */ = {isa = PBXBuildFile; fileRef = E21D4B6D1878CB16009C902F /* empty_0.png */; };
		E21D4B711878CB16009C902F /* flag_0.png in Resources */ = {isa = PBXBuildFile; fileRef = E21D4B6E1878CB16009C902F /* flag_0.png */; };
		E21D4B721878CB16009C902F /* normal_0.png in Resources */ = {isa = PBXBuildFile; fileRef = E21D4B6F1878CB16009C902F /* normal_0.png */; };
/* End PBXBuildFile section */

/* Begin PBXFileReference section */
		E203B673187479210066A5BB /* Winmine.app */ = {isa = PBXFileReference; explicitFileType = wrapper.application; includeInIndex = 0; path = Winmine.app; sourceTree = BUILT_PRODUCTS_DIR; };
		E203B676187479210066A5BB /* UIKit.framework */ = {isa = PBXFileReference; lastKnownFileType = wrapper.framework; name = UIKit.framework; path = System/Library/Frameworks/UIKit.framework; sourceTree = SDKROOT; };
		E203B678187479210066A5BB /* Foundation.framework */ = {isa = PBXFileReference; lastKnownFileType = wrapper.framework; name = Foundation.framework; path = System/Library/Frameworks/Foundation.framework; sourceTree = SDKROOT; };
		E203B67A187479210066A5BB /* CoreGraphics.framework */ = {isa = PBXFileReference; lastKnownFileType = wrapper.framework; name = CoreGraphics.framework; path = System/Library/Frameworks/CoreGraphics.framework; sourceTree = SDKROOT; };
		E203B67E187479210066A5BB /* Winmine-Info.plist */ = {isa = PBXFileReference; lastKnownFileType = text.plist.xml; path = "Winmine-Info.plist"; sourceTree = "<group>"; };
		E203B680187479210066A5BB /* en */ = {isa = PBXFileReference; lastKnownFileType = text.plist.strings; name = en; path = en.lproj/InfoPlist.strings; sourceTree = "<group>"; };
		E203B682187479210066A5BB /* main.m */ = {isa = PBXFileReference; lastKnownFileType = sourcecode.c.objc; path = main.m; sourceTree = "<group>"; };
		E203B684187479210066A5BB /* Winmine-Prefix.pch */ = {isa = PBXFileReference; lastKnownFileType = sourcecode.c.h; path = "Winmine-Prefix.pch"; sourceTree = "<group>"; };
		E203B685187479210066A5BB /* WYAppDelegate.h */ = {isa = PBXFileReference; lastKnownFileType = sourcecode.c.h; path = WYAppDelegate.h; sourceTree = "<group>"; };
		E203B686187479210066A5BB /* WYAppDelegate.m */ = {isa = PBXFileReference; lastKnownFileType = sourcecode.c.objc; path = WYAppDelegate.m; sourceTree = "<group>"; };
		E203B688187479210066A5BB /* Default.png */ = {isa = PBXFileReference; lastKnownFileType = image.png; path = Default.png; sourceTree = "<group>"; };
		E203B68A187479210066A5BB /* Default@2x.png */ = {isa = PBXFileReference; lastKnownFileType = image.png; path = "Default@2x.png"; sourceTree = "<group>"; };
		E203B68C187479210066A5BB /* Default-568h@2x.png */ = {isa = PBXFileReference; lastKnownFileType = image.png; path = "Default-568h@2x.png"; sourceTree = "<group>"; };
		E203B68E187479210066A5BB /* WYViewController.h */ = {isa = PBXFileReference; lastKnownFileType = sourcecode.c.h; path = WYViewController.h; sourceTree = "<group>"; };
		E203B68F187479210066A5BB /* WYViewController.m */ = {isa = PBXFileReference; lastKnownFileType = sourcecode.c.objc; path = WYViewController.m; sourceTree = "<group>"; };
		E203B692187479210066A5BB /* en */ = {isa = PBXFileReference; lastKnownFileType = file.xib; name = en; path = en.lproj/WYViewController.xib; sourceTree = "<group>"; };
		E203B69C187488590066A5BB /* WYBaseController.h */ = {isa = PBXFileReference; fileEncoding = 4; lastKnownFileType = sourcecode.c.h; path = WYBaseController.h; sourceTree = "<group>"; };
		E203B69D187488590066A5BB /* WYBaseController.m */ = {isa = PBXFileReference; fileEncoding = 4; lastKnownFileType = sourcecode.c.objc; path = WYBaseController.m; sourceTree = "<group>"; };
		E203B69F187488720066A5BB /* WYWinmineController.h */ = {isa = PBXFileReference; fileEncoding = 4; lastKnownFileType = sourcecode.c.h; path = WYWinmineController.h; sourceTree = "<group>"; };
		E203B6A0187488720066A5BB /* WYWinmineController.m */ = {isa = PBXFileReference; fileEncoding = 4; lastKnownFileType = sourcecode.c.objc; path = WYWinmineController.m; sourceTree = "<group>"; };
		E203B6A2187491430066A5BB /* WYWinmineMap.h */ = {isa = PBXFileReference; fileEncoding = 4; lastKnownFileType = sourcecode.c.h; path = WYWinmineMap.h; sourceTree = "<group>"; };
		E203B6A3187491430066A5BB /* WYWinmineMap.m */ = {isa = PBXFileReference; fileEncoding = 4; lastKnownFileType = sourcecode.c.objc; path = WYWinmineMap.m; sourceTree = "<group>"; };
		E203B6A5187491570066A5BB /* WYWinmineCell.h */ = {isa = PBXFileReference; fileEncoding = 4; lastKnownFileType = sourcecode.c.h; path = WYWinmineCell.h; sourceTree = "<group>"; };
		E203B6A6187491570066A5BB /* WYWinmineCell.m */ = {isa = PBXFileReference; fileEncoding = 4; lastKnownFileType = sourcecode.c.objc; path = WYWinmineCell.m; sourceTree = "<group>"; };
		E203B6A8187493740066A5BB /* Configure.h */ = {isa = PBXFileReference; lastKnownFileType = sourcecode.c.h; path = Configure.h; sourceTree = "<group>"; };
		E203B6A9187493AB0066A5BB /* QuartzCore.framework */ = {isa = PBXFileReference; lastKnownFileType = wrapper.framework; name = QuartzCore.framework; path = System/Library/Frameworks/QuartzCore.framework; sourceTree = SDKROOT; };
		E21D4B571878C710009C902F /* style_0_1.png */ = {isa = PBXFileReference; lastKnownFileType = image.png; path = style_0_1.png; sourceTree = "<group>"; };
		E21D4B581878C710009C902F /* style_0_2.png */ = {isa = PBXFileReference; lastKnownFileType = image.png; path = style_0_2.png; sourceTree = "<group>"; };
		E21D4B591878C710009C902F /* style_0_3.png */ = {isa = PBXFileReference; lastKnownFileType = image.png; path = style_0_3.png; sourceTree = "<group>"; };
		E21D4B5A1878C710009C902F /* style_0_4.png */ = {isa = PBXFileReference; lastKnownFileType = image.png; path = style_0_4.png; sourceTree = "<group>"; };
		E21D4B5B1878C710009C902F /* style_0_5.png */ = {isa = PBXFileReference; lastKnownFileType = image.png; path = style_0_5.png; sourceTree = "<group>"; };
		E21D4B5C1878C710009C902F /* style_0_6.png */ = {isa = PBXFileReference; lastKnownFileType = image.png; path = style_0_6.png; sourceTree = "<group>"; };
		E21D4B5D1878C710009C902F /* style_0_7.png */ = {isa = PBXFileReference; lastKnownFileType = image.png; path = style_0_7.png; sourceTree = "<group>"; };
		E21D4B5E1878C710009C902F /* style_0_8.png */ = {isa = PBXFileReference; lastKnownFileType = image.png; path = style_0_8.png; sourceTree = "<group>"; };
		E21D4B5F1878C710009C902F /* style_0_9.png */ = {isa = PBXFileReference; lastKnownFileType = image.png; path = style_0_9.png; sourceTree = "<group>"; };
		E21D4B691878C7FB009C902F /* mine_0_faile.png */ = {isa = PBXFileReference; lastKnownFileType = image.png; path = mine_0_faile.png; sourceTree = "<group>"; };
		E21D4B6A1878C7FB009C902F /* mine_0_normal.png */ = {isa = PBXFileReference; lastKnownFileType = image.png; path = mine_0_normal.png; sourceTree = "<group>"; };
		E21D4B6D1878CB16009C902F /* empty_0.png */ = {isa = PBXFileReference; lastKnownFileType = image.png; path = empty_0.png; sourceTree = "<group>"; };
		E21D4B6E1878CB16009C902F /* flag_0.png */ = {isa = PBXFileReference; lastKnownFileType = image.png; path = flag_0.png; sourceTree = "<group>"; };
		E21D4B6F1878CB16009C902F /* normal_0.png */ = {isa = PBXFileReference; lastKnownFileType = image.png; path = normal_0.png; sourceTree = "<group>"; };
/* End PBXFileReference section */

/* Begin PBXFrameworksBuildPhase section */
		E203B670187479210066A5BB /* Frameworks */ = {
			isa = PBXFrameworksBuildPhase;
			buildActionMask = 2147483647;
			files = (
				E203B6AA187493AB0066A5BB /* QuartzCore.framework in Frameworks */,
				E203B677187479210066A5BB /* UIKit.framework in Frameworks */,
				E203B679187479210066A5BB /* Foundation.framework in Frameworks */,
				E203B67B187479210066A5BB /* CoreGraphics.framework in Frameworks */,
			);
			runOnlyForDeploymentPostprocessing = 0;
		};
/* End PBXFrameworksBuildPhase section */

/* Begin PBXGroup section */
		E203B66A187479210066A5BB = {
			isa = PBXGroup;
			children = (
				E203B67C187479210066A5BB /* Winmine */,
				E203B675187479210066A5BB /* Frameworks */,
				E203B674187479210066A5BB /* Products */,
			);
			sourceTree = "<group>";
		};
		E203B674187479210066A5BB /* Products */ = {
			isa = PBXGroup;
			children = (
				E203B673187479210066A5BB /* Winmine.app */,
			);
			name = Products;
			sourceTree = "<group>";
		};
		E203B675187479210066A5BB /* Frameworks */ = {
			isa = PBXGroup;
			children = (
				E203B6A9187493AB0066A5BB /* QuartzCore.framework */,
				E203B676187479210066A5BB /* UIKit.framework */,
				E203B678187479210066A5BB /* Foundation.framework */,
				E203B67A187479210066A5BB /* CoreGraphics.framework */,
			);
			name = Frameworks;
			sourceTree = "<group>";
		};
		E203B67C187479210066A5BB /* Winmine */ = {
			isa = PBXGroup;
			children = (
				E21D4B551878C710009C902F /* image */,
				E203B69C187488590066A5BB /* WYBaseController.h */,
				E203B69D187488590066A5BB /* WYBaseController.m */,
				E203B69F187488720066A5BB /* WYWinmineController.h */,
				E203B6A0187488720066A5BB /* WYWinmineController.m */,
				E203B6A2187491430066A5BB /* WYWinmineMap.h */,
				E203B6A3187491430066A5BB /* WYWinmineMap.m */,
				E203B6A5187491570066A5BB /* WYWinmineCell.h */,
				E203B6A6187491570066A5BB /* WYWinmineCell.m */,
				E203B685187479210066A5BB /* WYAppDelegate.h */,
				E203B686187479210066A5BB /* WYAppDelegate.m */,
				E203B68E187479210066A5BB /* WYViewController.h */,
				E203B68F187479210066A5BB /* WYViewController.m */,
				E203B691187479210066A5BB /* WYViewController.xib */,
				E203B67D187479210066A5BB /* Supporting Files */,
			);
			path = Winmine;
			sourceTree = "<group>";
		};
		E203B67D187479210066A5BB /* Supporting Files */ = {
			isa = PBXGroup;
			children = (
				E203B6A8187493740066A5BB /* Configure.h */,
				E203B67E187479210066A5BB /* Winmine-Info.plist */,
				E203B67F187479210066A5BB /* InfoPlist.strings */,
				E203B682187479210066A5BB /* main.m */,
				E203B684187479210066A5BB /* Winmine-Prefix.pch */,
				E203B688187479210066A5BB /* Default.png */,
				E203B68A187479210066A5BB /* Default@2x.png */,
				E203B68C187479210066A5BB /* Default-568h@2x.png */,
			);
			name = "Supporting Files";
			sourceTree = "<group>";
		};
		E21D4B551878C710009C902F /* image */ = {
			isa = PBXGroup;
			children = (
				E21D4B561878C710009C902F /* num0 */,
			);
			path = image;
			sourceTree = "<group>";
		};
		E21D4B561878C710009C902F /* num0 */ = {
			isa = PBXGroup;
			children = (
				E21D4B6D1878CB16009C902F /* empty_0.png */,
				E21D4B6E1878CB16009C902F /* flag_0.png */,
				E21D4B6F1878CB16009C902F /* normal_0.png */,
				E21D4B691878C7FB009C902F /* mine_0_faile.png */,
				E21D4B6A1878C7FB009C902F /* mine_0_normal.png */,
				E21D4B571878C710009C902F /* style_0_1.png */,
				E21D4B581878C710009C902F /* style_0_2.png */,
				E21D4B591878C710009C902F /* style_0_3.png */,
				E21D4B5A1878C710009C902F /* style_0_4.png */,
				E21D4B5B1878C710009C902F /* style_0_5.png */,
				E21D4B5C1878C710009C902F /* style_0_6.png */,
				E21D4B5D1878C710009C902F /* style_0_7.png */,
				E21D4B5E1878C710009C902F /* style_0_8.png */,
				E21D4B5F1878C710009C902F /* style_0_9.png */,
			);
			path = num0;
			sourceTree = "<group>";
		};
/* End PBXGroup section */

/* Begin PBXNativeTarget section */
		E203B672187479210066A5BB /* Winmine */ = {
			isa = PBXNativeTarget;
			buildConfigurationList = E203B696187479210066A5BB /* Build configuration list for PBXNativeTarget "Winmine" */;
			buildPhases = (
				E203B66F187479210066A5BB /* Sources */,
				E203B670187479210066A5BB /* Frameworks */,
				E203B671187479210066A5BB /* Resources */,
			);
			buildRules = (
			);
			dependencies = (
			);
			name = Winmine;
			productName = Winmine;
			productReference = E203B673187479210066A5BB /* Winmine.app */;
			productType = "com.apple.product-type.application";
		};
/* End PBXNativeTarget section */

/* Begin PBXProject section */
		E203B66B187479210066A5BB /* Project object */ = {
			isa = PBXProject;
			attributes = {
				CLASSPREFIX = WY;
				LastUpgradeCheck = 0460;
				ORGANIZATIONNAME = tom;
			};
			buildConfigurationList = E203B66E187479210066A5BB /* Build configuration list for PBXProject "Winmine" */;
			compatibilityVersion = "Xcode 3.2";
			developmentRegion = English;
			hasScannedForEncodings = 0;
			knownRegions = (
				en,
			);
			mainGroup = E203B66A187479210066A5BB;
			productRefGroup = E203B674187479210066A5BB /* Products */;
			projectDirPath = "";
			projectRoot = "";
			targets = (
				E203B672187479210066A5BB /* Winmine */,
			);
		};
/* End PBXProject section */

/* Begin PBXResourcesBuildPhase section */
		E203B671187479210066A5BB /* Resources */ = {
			isa = PBXResourcesBuildPhase;
			buildActionMask = 2147483647;
			files = (
				E203B681187479210066A5BB /* InfoPlist.strings in Resources */,
				E203B689187479210066A5BB /* Default.png in Resources */,
				E203B68B187479210066A5BB /* Default@2x.png in Resources */,
				E203B68D187479210066A5BB /* Default-568h@2x.png in Resources */,
				E203B693187479210066A5BB /* WYViewController.xib in Resources */,
				E21D4B601878C710009C902F /* style_0_1.png in Resources */,
				E21D4B611878C710009C902F /* style_0_2.png in Resources */,
				E21D4B621878C710009C902F /* style_0_3.png in Resources */,
				E21D4B631878C710009C902F /* style_0_4.png in Resources */,
				E21D4B641878C710009C902F /* style_0_5.png in Resources */,
				E21D4B651878C710009C902F /* style_0_6.png in Resources */,
				E21D4B661878C710009C902F /* style_0_7.png in Resources */,
				E21D4B671878C710009C902F /* style_0_8.png in Resources */,
				E21D4B681878C710009C902F /* style_0_9.png in Resources */,
				E21D4B6B1878C7FB009C902F /* mine_0_faile.png in Resources */,
				E21D4B6C1878C7FB009C902F /* mine_0_normal.png in Resources */,
				E21D4B701878CB16009C902F /* empty_0.png in Resources */,
				E21D4B711878CB16009C902F /* flag_0.png in Resources */,
				E21D4B721878CB16009C902F /* normal_0.png in Resources */,
			);
			runOnlyForDeploymentPostprocessing = 0;
		};
/* End PBXResourcesBuildPhase section */

/* Begin PBXSourcesBuildPhase section */
		E203B66F187479210066A5BB /* Sources */ = {
			isa = PBXSourcesBuildPhase;
			buildActionMask = 2147483647;
			files = (
				E203B683187479210066A5BB /* main.m in Sources */,
				E203B687187479210066A5BB /* WYAppDelegate.m in Sources */,
				E203B690187479210066A5BB /* WYViewController.m in Sources */,
				E203B69E187488590066A5BB /* WYBaseController.m in Sources */,
				E203B6A1187488720066A5BB /* WYWinmineController.m in Sources */,
				E203B6A4187491430066A5BB /* WYWinmineMap.m in Sources */,
				E203B6A7187491570066A5BB /* WYWinmineCell.m in Sources */,
			);
			runOnlyForDeploymentPostprocessing = 0;
		};
/* End PBXSourcesBuildPhase section */

/* Begin PBXVariantGroup section */
		E203B67F187479210066A5BB /* InfoPlist.strings */ = {
			isa = PBXVariantGroup;
			children = (
				E203B680187479210066A5BB /* en */,
			);
			name = InfoPlist.strings;
			sourceTree = "<group>";
		};
		E203B691187479210066A5BB /* WYViewController.xib */ = {
			isa = PBXVariantGroup;
			children = (
				E203B692187479210066A5BB /* en */,
			);
			name = WYViewController.xib;
			sourceTree = "<group>";
		};
/* End PBXVariantGroup section */

/* Begin XCBuildConfiguration section */
		E203B694187479210066A5BB /* Debug */ = {
			isa = XCBuildConfiguration;
			buildSettings = {
				ALWAYS_SEARCH_USER_PATHS = NO;
				CLANG_CXX_LANGUAGE_STANDARD = "gnu++0x";
				CLANG_CXX_LIBRARY = "libc++";
				CLANG_ENABLE_OBJC_ARC = YES;
				CLANG_WARN_CONSTANT_CONVERSION = YES;
				CLANG_WARN_EMPTY_BODY = YES;
				CLANG_WARN_ENUM_CONVERSION = YES;
				CLANG_WARN_INT_CONVERSION = YES;
				CLANG_WARN__DUPLICATE_METHOD_MATCH = YES;
				"CODE_SIGN_IDENTITY[sdk=iphoneos*]" = "iPhone Developer";
				COPY_PHASE_STRIP = NO;
				GCC_C_LANGUAGE_STANDARD = gnu99;
				GCC_DYNAMIC_NO_PIC = NO;
				GCC_OPTIMIZATION_LEVEL = 0;
				GCC_PREPROCESSOR_DEFINITIONS = (
					"DEBUG=1",
					"$(inherited)",
				);
				GCC_SYMBOLS_PRIVATE_EXTERN = NO;
				GCC_WARN_ABOUT_RETURN_TYPE = YES;
				GCC_WARN_UNINITIALIZED_AUTOS = YES;
				GCC_WARN_UNUSED_VARIABLE = YES;
				IPHONEOS_DEPLOYMENT_TARGET = 6.1;
				ONLY_ACTIVE_ARCH = YES;
				SDKROOT = iphoneos;
			};
			name = Debug;
		};
		E203B695187479210066A5BB /* Release */ = {
			isa = XCBuildConfiguration;
			buildSettings = {
				ALWAYS_SEARCH_USER_PATHS = NO;
				CLANG_CXX_LANGUAGE_STANDARD = "gnu++0x";
				CLANG_CXX_LIBRARY = "libc++";
				CLANG_ENABLE_OBJC_ARC = YES;
				CLANG_WARN_CONSTANT_CONVERSION = YES;
				CLANG_WARN_EMPTY_BODY = YES;
				CLANG_WARN_ENUM_CONVERSION = YES;
				CLANG_WARN_INT_CONVERSION = YES;
				CLANG_WARN__DUPLICATE_METHOD_MATCH = YES;
				"CODE_SIGN_IDENTITY[sdk=iphoneos*]" = "iPhone Developer";
				COPY_PHASE_STRIP = YES;
				GCC_C_LANGUAGE_STANDARD = gnu99;
				GCC_WARN_ABOUT_RETURN_TYPE = YES;
				GCC_WARN_UNINITIALIZED_AUTOS = YES;
				GCC_WARN_UNUSED_VARIABLE = YES;
				IPHONEOS_DEPLOYMENT_TARGET = 6.1;
				OTHER_CFLAGS = "-DNS_BLOCK_ASSERTIONS=1";
				SDKROOT = iphoneos;
				VALIDATE_PRODUCT = YES;
			};
			name = Release;
		};
		E203B697187479210066A5BB /* Debug */ = {
			isa = XCBuildConfiguration;
			buildSettings = {
				CODE_SIGN_IDENTITY = "iPhone Distribution: wei tang (UM3W5PN3RL)";
				"CODE_SIGN_IDENTITY[sdk=iphoneos*]" = "iPhone Distribution: wei tang (UM3W5PN3RL)";
				GCC_PRECOMPILE_PREFIX_HEADER = YES;
				GCC_PREFIX_HEADER = "Winmine/Winmine-Prefix.pch";
				INFOPLIST_FILE = "Winmine/Winmine-Info.plist";
				IPHONEOS_DEPLOYMENT_TARGET = 5.1;
				PRODUCT_NAME = "$(TARGET_NAME)";
				PROVISIONING_PROFILE = "7A991251-5837-40BF-B6D9-578AD4EE4F19";
				"PROVISIONING_PROFILE[sdk=iphoneos*]" = "7A991251-5837-40BF-B6D9-578AD4EE4F19";
				WRAPPER_EXTENSION = app;
			};
			name = Debug;
		};
		E203B698187479210066A5BB /* Release */ = {
			isa = XCBuildConfiguration;
			buildSettings = {
				CODE_SIGN_IDENTITY = "iPhone Distribution: wei tang (UM3W5PN3RL)";
				"CODE_SIGN_IDENTITY[sdk=iphoneos*]" = "iPhone Distribution: wei tang (UM3W5PN3RL)";
				GCC_PRECOMPILE_PREFIX_HEADER = YES;
				GCC_PREFIX_HEADER = "Winmine/Winmine-Prefix.pch";
				INFOPLIST_FILE = "Winmine/Winmine-Info.plist";
				IPHONEOS_DEPLOYMENT_TARGET = 5.1;
				PRODUCT_NAME = "$(TARGET_NAME)";
				PROVISIONING_PROFILE = "7A991251-5837-40BF-B6D9-578AD4EE4F19";
				"PROVISIONING_PROFILE[sdk=iphoneos*]" = "7A991251-5837-40BF-B6D9-578AD4EE4F19";
				WRAPPER_EXTENSION = app;
			};
			name = Release;
		};
/* End XCBuildConfiguration section */

/* Begin XCConfigurationList section */
		E203B66E187479210066A5BB /* Build configuration list for PBXProject "Winmine" */ = {
			isa = XCConfigurationList;
			buildConfigurations = (
				E203B694187479210066A5BB /* Debug */,
				E203B695187479210066A5BB /* Release */,
			);
			defaultConfigurationIsVisible = 0;
			defaultConfigurationName = Release;
		};
		E203B696187479210066A5BB /* Build configuration list for PBXNativeTarget "Winmine" */ = {
			isa = XCConfigurationList;
			buildConfigurations = (
				E203B697187479210066A5BB /* Debug */,
				E203B698187479210066A5BB /* Release */,
			);
			defaultConfigurationIsVisible = 0;
			defaultConfigurationName = Release;
		};
/* End XCConfigurationList section */
	};
	rootObject = E203B66B187479210066A5BB /* Project object */;
}
